
Microsoft Visual Studio Solution File, Format Version 12.00
# Visual Studio Version 17
VisualStudioVersion = 17.5.33326.253
MinimumVisualStudioVersion = 10.0.40219.1
Project("{FAE04EC0-301F-11D3-BF4B-00C04F79EFBC}") = "Lecture_14_Notes", "Lecture_14_Notes\Lecture_14_Notes.csproj", "{DF118420-4DF9-4B72-AE60-0A4FE7892FCD}"
EndProject
Global
	GlobalSection(SolutionConfigurationPlatforms) = preSolution
		Debug|Any CPU = Debug|Any CPU
		Release|Any CPU = Release|Any CPU
	EndGlobalSection
	GlobalSection(ProjectConfigurationPlatforms) = postSolution
		{DF118420-4DF9-4B72-AE60-0A4FE7892FCD}.Debug|Any CPU.ActiveCfg = Debug|Any CPU
		{DF118420-4DF9-4B72-AE60-0A4FE7892FCD}.Debug|Any CPU.Build.0 = Debug|Any CPU
		{DF118420-4DF9-4B72-AE60-0A4FE7892FCD}.Release|Any CPU.ActiveCfg = Release|Any CPU
		{DF118420-4DF9-4B72-AE60-0A4FE7892FCD}.Release|Any CPU.Build.0 = Release|Any CPU
	EndGlobalSection
	GlobalSection(SolutionProperties) = preSolution
		HideSolutionNode = FALSE
	EndGlobalSection
	GlobalSection(ExtensibilityGlobals) = postSolution
		SolutionGuid = {9041AC69-D552-428C-AC53-894DB18D9CD0}
	EndGlobalSection
EndGlobal
